
Microsoft Visual Studio Solution File, Format Version 12.00
# Visual Studio Version 17
VisualStudioVersion = 17.6.33829.357
MinimumVisualStudioVersion = 10.0.40219.1
Project("{FAE04EC0-301F-11D3-BF4B-00C04F79EFBC}") = "PhaseEndProject2", "PhaseEndProject2\PhaseEndProject2.csproj", "{8C90BC9C-9447-4FA9-8FF2-17227BB177D0}"
EndProject
Global
	GlobalSection(SolutionConfigurationPlatforms) = preSolution
		Debug|Any CPU = Debug|Any CPU
		Release|Any CPU = Release|Any CPU
	EndGlobalSection
	GlobalSection(ProjectConfigurationPlatforms) = postSolution
		{8C90BC9C-9447-4FA9-8FF2-17227BB177D0}.Debug|Any CPU.ActiveCfg = Debug|Any CPU
		{8C90BC9C-9447-4FA9-8FF2-17227BB177D0}.Debug|Any CPU.Build.0 = Debug|Any CPU
		{8C90BC9C-9447-4FA9-8FF2-17227BB177D0}.Release|Any CPU.ActiveCfg = Release|Any CPU
		{8C90BC9C-9447-4FA9-8FF2-17227BB177D0}.Release|Any CPU.Build.0 = Release|Any CPU
	EndGlobalSection
	GlobalSection(SolutionProperties) = preSolution
		HideSolutionNode = FALSE
	EndGlobalSection
	GlobalSection(ExtensibilityGlobals) = postSolution
		SolutionGuid = {0C8CB79C-9000-49AB-9EA2-A7E6D4EB4EC4}
	EndGlobalSection
EndGlobal
